
Microsoft Visual Studio Solution File, Format Version 12.00
# Visual Studio 15
VisualStudioVersion = 15.0.26124.0
MinimumVisualStudioVersion = 15.0.26124.0
Project("{FAE04EC0-301F-11D3-BF4B-00C04F79EFBC}") = "Penguin.Persistence.Database.Serialization.Extensions.Local", "Penguin.Persistence.Database.Serialization.Extensions.Local.csproj", "{76C23E6D-C124-4C80-B7EE-1798D3C7574D}"
EndProject
Project("{FAE04EC0-301F-11D3-BF4B-00C04F79EFBC}") = "Penguin.Persistence.Database.Local", "..\Penguin.Persistence.Database\Penguin.Persistence.Database.Local.csproj", "{40330919-216A-411C-A000-37221773D69A}"
EndProject
Project("{FAE04EC0-301F-11D3-BF4B-00C04F79EFBC}") = "Penguin.Debugging.Local", "..\Penguin.Debugging\Penguin.Debugging.Local.csproj", "{F0412BE0-3B7A-44EF-93C1-DE3B732019EC}"
EndProject
Project("{FAE04EC0-301F-11D3-BF4B-00C04F79EFBC}") = "Penguin.Extensions.Exceptions.Local", "..\Penguin.Extensions.Exceptions\Penguin.Extensions.Exceptions.Local.csproj", "{AC284D81-A9BE-4525-8DD4-9D49A04360F2}"
EndProject
Project("{FAE04EC0-301F-11D3-BF4B-00C04F79EFBC}") = "Penguin.Extensions.String.Local", "..\Penguin.Extensions.String\Penguin.Extensions.String.Local.csproj", "{946A9649-C69F-4EFC-9ED7-F862B0B28DF3}"
EndProject
Project("{FAE04EC0-301F-11D3-BF4B-00C04F79EFBC}") = "Penguin.Persistence.Abstractions.Local", "..\Penguin.Persistence.Abstractions\Penguin.Persistence.Abstractions.Local.csproj", "{9B7667E8-D7F1-4ACB-B246-D7A202E0AE57}"
EndProject
Project("{FAE04EC0-301F-11D3-BF4B-00C04F79EFBC}") = "Penguin.Entities.Abstractions.Local", "..\Penguin.Entities.Abstractions\Penguin.Entities.Abstractions.Local.csproj", "{2785AE7B-3420-48EB-A580-2639C282F6F1}"
EndProject
Project("{FAE04EC0-301F-11D3-BF4B-00C04F79EFBC}") = "Penguin.Reflection.Extensions.Local", "..\Penguin.Reflection.Extensions\Penguin.Reflection.Extensions.Local.csproj", "{F6FF1B31-8EF9-4394-A489-1BF5BBEB8D4D}"
EndProject
Project("{FAE04EC0-301F-11D3-BF4B-00C04F79EFBC}") = "Penguin.Reflection.Abstractions.Local", "..\Penguin.Reflection.Abstractions\Penguin.Reflection.Abstractions.Local.csproj", "{2CC02A7C-BE43-4F4C-85A0-6D05B4278A11}"
EndProject
Project("{FAE04EC0-301F-11D3-BF4B-00C04F79EFBC}") = "Penguin.Threading.BackgroundWorker.Local", "..\Penguin.Threading.BackgroundWorker\Penguin.Threading.BackgroundWorker.Local.csproj", "{B288838C-A026-4261-A58F-7F9A1842212C}"
EndProject
Project("{FAE04EC0-301F-11D3-BF4B-00C04F79EFBC}") = "Penguin.Reflection.Serialization.Local", "..\Penguin.Reflection.Serialization\Penguin.Reflection.Serialization.Local.csproj", "{6B79A33B-0930-4786-B783-3BA82BB56813}"
EndProject
Project("{FAE04EC0-301F-11D3-BF4B-00C04F79EFBC}") = "Penguin.Reflection.Serialization.Abstractions.Local", "..\Penguin.Reflection.Serialization.Abstractions\Penguin.Reflection.Serialization.Abstractions.Local.csproj", "{4C869B88-AB7E-49B1-8669-9115E173F0C2}"
EndProject
Project("{FAE04EC0-301F-11D3-BF4B-00C04F79EFBC}") = "Penguin.Reflection.Local", "..\Penguin.Reflection\Penguin.Reflection.Local.csproj", "{36F03902-EA9B-434A-9692-950F98492543}"
EndProject
Global
	GlobalSection(SolutionConfigurationPlatforms) = preSolution
		Debug|Any CPU = Debug|Any CPU
		Debug|x64 = Debug|x64
		Debug|x86 = Debug|x86
		Release|Any CPU = Release|Any CPU
		Release|x64 = Release|x64
		Release|x86 = Release|x86
	EndGlobalSection
	GlobalSection(SolutionProperties) = preSolution
		HideSolutionNode = FALSE
	EndGlobalSection
	GlobalSection(ProjectConfigurationPlatforms) = postSolution
		{76C23E6D-C124-4C80-B7EE-1798D3C7574D}.Debug|Any CPU.ActiveCfg = Debug|Any CPU
		{76C23E6D-C124-4C80-B7EE-1798D3C7574D}.Debug|Any CPU.Build.0 = Debug|Any CPU
		{76C23E6D-C124-4C80-B7EE-1798D3C7574D}.Debug|x64.ActiveCfg = Debug|Any CPU
		{76C23E6D-C124-4C80-B7EE-1798D3C7574D}.Debug|x64.Build.0 = Debug|Any CPU
		{76C23E6D-C124-4C80-B7EE-1798D3C7574D}.Debug|x86.ActiveCfg = Debug|Any CPU
		{76C23E6D-C124-4C80-B7EE-1798D3C7574D}.Debug|x86.Build.0 = Debug|Any CPU
		{76C23E6D-C124-4C80-B7EE-1798D3C7574D}.Release|Any CPU.ActiveCfg = Release|Any CPU
		{76C23E6D-C124-4C80-B7EE-1798D3C7574D}.Release|Any CPU.Build.0 = Release|Any CPU
		{76C23E6D-C124-4C80-B7EE-1798D3C7574D}.Release|x64.ActiveCfg = Release|Any CPU
		{76C23E6D-C124-4C80-B7EE-1798D3C7574D}.Release|x64.Build.0 = Release|Any CPU
		{76C23E6D-C124-4C80-B7EE-1798D3C7574D}.Release|x86.ActiveCfg = Release|Any CPU
		{76C23E6D-C124-4C80-B7EE-1798D3C7574D}.Release|x86.Build.0 = Release|Any CPU
		{40330919-216A-411C-A000-37221773D69A}.Debug|Any CPU.ActiveCfg = Debug|Any CPU
		{40330919-216A-411C-A000-37221773D69A}.Debug|Any CPU.Build.0 = Debug|Any CPU
		{40330919-216A-411C-A000-37221773D69A}.Debug|x64.ActiveCfg = Debug|Any CPU
		{40330919-216A-411C-A000-37221773D69A}.Debug|x64.Build.0 = Debug|Any CPU
		{40330919-216A-411C-A000-37221773D69A}.Debug|x86.ActiveCfg = Debug|Any CPU
		{40330919-216A-411C-A000-37221773D69A}.Debug|x86.Build.0 = Debug|Any CPU
		{40330919-216A-411C-A000-37221773D69A}.Release|Any CPU.ActiveCfg = Release|Any CPU
		{40330919-216A-411C-A000-37221773D69A}.Release|Any CPU.Build.0 = Release|Any CPU
		{40330919-216A-411C-A000-37221773D69A}.Release|x64.ActiveCfg = Release|Any CPU
		{40330919-216A-411C-A000-37221773D69A}.Release|x64.Build.0 = Release|Any CPU
		{40330919-216A-411C-A000-37221773D69A}.Release|x86.ActiveCfg = Release|Any CPU
		{40330919-216A-411C-A000-37221773D69A}.Release|x86.Build.0 = Release|Any CPU
		{F0412BE0-3B7A-44EF-93C1-DE3B732019EC}.Debug|Any CPU.ActiveCfg = Debug|Any CPU
		{F0412BE0-3B7A-44EF-93C1-DE3B732019EC}.Debug|Any CPU.Build.0 = Debug|Any CPU
		{F0412BE0-3B7A-44EF-93C1-DE3B732019EC}.Debug|x64.ActiveCfg = Debug|Any CPU
		{F0412BE0-3B7A-44EF-93C1-DE3B732019EC}.Debug|x64.Build.0 = Debug|Any CPU
		{F0412BE0-3B7A-44EF-93C1-DE3B732019EC}.Debug|x86.ActiveCfg = Debug|Any CPU
		{F0412BE0-3B7A-44EF-93C1-DE3B732019EC}.Debug|x86.Build.0 = Debug|Any CPU
		{F0412BE0-3B7A-44EF-93C1-DE3B732019EC}.Release|Any CPU.ActiveCfg = Release|Any CPU
		{F0412BE0-3B7A-44EF-93C1-DE3B732019EC}.Release|Any CPU.Build.0 = Release|Any CPU
		{F0412BE0-3B7A-44EF-93C1-DE3B732019EC}.Release|x64.ActiveCfg = Release|Any CPU
		{F0412BE0-3B7A-44EF-93C1-DE3B732019EC}.Release|x64.Build.0 = Release|Any CPU
		{F0412BE0-3B7A-44EF-93C1-DE3B732019EC}.Release|x86.ActiveCfg = Release|Any CPU
		{F0412BE0-3B7A-44EF-93C1-DE3B732019EC}.Release|x86.Build.0 = Release|Any CPU
		{AC284D81-A9BE-4525-8DD4-9D49A04360F2}.Debug|Any CPU.ActiveCfg = Debug|Any CPU
		{AC284D81-A9BE-4525-8DD4-9D49A04360F2}.Debug|Any CPU.Build.0 = Debug|Any CPU
		{AC284D81-A9BE-4525-8DD4-9D49A04360F2}.Debug|x64.ActiveCfg = Debug|Any CPU
		{AC284D81-A9BE-4525-8DD4-9D49A04360F2}.Debug|x64.Build.0 = Debug|Any CPU
		{AC284D81-A9BE-4525-8DD4-9D49A04360F2}.Debug|x86.ActiveCfg = Debug|Any CPU
		{AC284D81-A9BE-4525-8DD4-9D49A04360F2}.Debug|x86.Build.0 = Debug|Any CPU
		{AC284D81-A9BE-4525-8DD4-9D49A04360F2}.Release|Any CPU.ActiveCfg = Release|Any CPU
		{AC284D81-A9BE-4525-8DD4-9D49A04360F2}.Release|Any CPU.Build.0 = Release|Any CPU
		{AC284D81-A9BE-4525-8DD4-9D49A04360F2}.Release|x64.ActiveCfg = Release|Any CPU
		{AC284D81-A9BE-4525-8DD4-9D49A04360F2}.Release|x64.Build.0 = Release|Any CPU
		{AC284D81-A9BE-4525-8DD4-9D49A04360F2}.Release|x86.ActiveCfg = Release|Any CPU
		{AC284D81-A9BE-4525-8DD4-9D49A04360F2}.Release|x86.Build.0 = Release|Any CPU
		{946A9649-C69F-4EFC-9ED7-F862B0B28DF3}.Debug|Any CPU.ActiveCfg = Debug|Any CPU
		{946A9649-C69F-4EFC-9ED7-F862B0B28DF3}.Debug|Any CPU.Build.0 = Debug|Any CPU
		{946A9649-C69F-4EFC-9ED7-F862B0B28DF3}.Debug|x64.ActiveCfg = Debug|Any CPU
		{946A9649-C69F-4EFC-9ED7-F862B0B28DF3}.Debug|x64.Build.0 = Debug|Any CPU
		{946A9649-C69F-4EFC-9ED7-F862B0B28DF3}.Debug|x86.ActiveCfg = Debug|Any CPU
		{946A9649-C69F-4EFC-9ED7-F862B0B28DF3}.Debug|x86.Build.0 = Debug|Any CPU
		{946A9649-C69F-4EFC-9ED7-F862B0B28DF3}.Release|Any CPU.ActiveCfg = Release|Any CPU
		{946A9649-C69F-4EFC-9ED7-F862B0B28DF3}.Release|Any CPU.Build.0 = Release|Any CPU
		{946A9649-C69F-4EFC-9ED7-F862B0B28DF3}.Release|x64.ActiveCfg = Release|Any CPU
		{946A9649-C69F-4EFC-9ED7-F862B0B28DF3}.Release|x64.Build.0 = Release|Any CPU
		{946A9649-C69F-4EFC-9ED7-F862B0B28DF3}.Release|x86.ActiveCfg = Release|Any CPU
		{946A9649-C69F-4EFC-9ED7-F862B0B28DF3}.Release|x86.Build.0 = Release|Any CPU
		{9B7667E8-D7F1-4ACB-B246-D7A202E0AE57}.Debug|Any CPU.ActiveCfg = Debug|Any CPU
		{9B7667E8-D7F1-4ACB-B246-D7A202E0AE57}.Debug|Any CPU.Build.0 = Debug|Any CPU
		{9B7667E8-D7F1-4ACB-B246-D7A202E0AE57}.Debug|x64.ActiveCfg = Debug|Any CPU
		{9B7667E8-D7F1-4ACB-B246-D7A202E0AE57}.Debug|x64.Build.0 = Debug|Any CPU
		{9B7667E8-D7F1-4ACB-B246-D7A202E0AE57}.Debug|x86.ActiveCfg = Debug|Any CPU
		{9B7667E8-D7F1-4ACB-B246-D7A202E0AE57}.Debug|x86.Build.0 = Debug|Any CPU
		{9B7667E8-D7F1-4ACB-B246-D7A202E0AE57}.Release|Any CPU.ActiveCfg = Release|Any CPU
		{9B7667E8-D7F1-4ACB-B246-D7A202E0AE57}.Release|Any CPU.Build.0 = Release|Any CPU
		{9B7667E8-D7F1-4ACB-B246-D7A202E0AE57}.Release|x64.ActiveCfg = Release|Any CPU
		{9B7667E8-D7F1-4ACB-B246-D7A202E0AE57}.Release|x64.Build.0 = Release|Any CPU
		{9B7667E8-D7F1-4ACB-B246-D7A202E0AE57}.Release|x86.ActiveCfg = Release|Any CPU
		{9B7667E8-D7F1-4ACB-B246-D7A202E0AE57}.Release|x86.Build.0 = Release|Any CPU
		{2785AE7B-3420-48EB-A580-2639C282F6F1}.Debug|Any CPU.ActiveCfg = Debug|Any CPU
		{2785AE7B-3420-48EB-A580-2639C282F6F1}.Debug|Any CPU.Build.0 = Debug|Any CPU
		{2785AE7B-3420-48EB-A580-2639C282F6F1}.Debug|x64.ActiveCfg = Debug|Any CPU
		{2785AE7B-3420-48EB-A580-2639C282F6F1}.Debug|x64.Build.0 = Debug|Any CPU
		{2785AE7B-3420-48EB-A580-2639C282F6F1}.Debug|x86.ActiveCfg = Debug|Any CPU
		{2785AE7B-3420-48EB-A580-2639C282F6F1}.Debug|x86.Build.0 = Debug|Any CPU
		{2785AE7B-3420-48EB-A580-2639C282F6F1}.Release|Any CPU.ActiveCfg = Release|Any CPU
		{2785AE7B-3420-48EB-A580-2639C282F6F1}.Release|Any CPU.Build.0 = Release|Any CPU
		{2785AE7B-3420-48EB-A580-2639C282F6F1}.Release|x64.ActiveCfg = Release|Any CPU
		{2785AE7B-3420-48EB-A580-2639C282F6F1}.Release|x64.Build.0 = Release|Any CPU
		{2785AE7B-3420-48EB-A580-2639C282F6F1}.Release|x86.ActiveCfg = Release|Any CPU
		{2785AE7B-3420-48EB-A580-2639C282F6F1}.Release|x86.Build.0 = Release|Any CPU
		{F6FF1B31-8EF9-4394-A489-1BF5BBEB8D4D}.Debug|Any CPU.ActiveCfg = Debug|Any CPU
		{F6FF1B31-8EF9-4394-A489-1BF5BBEB8D4D}.Debug|Any CPU.Build.0 = Debug|Any CPU
		{F6FF1B31-8EF9-4394-A489-1BF5BBEB8D4D}.Debug|x64.ActiveCfg = Debug|Any CPU
		{F6FF1B31-8EF9-4394-A489-1BF5BBEB8D4D}.Debug|x64.Build.0 = Debug|Any CPU
		{F6FF1B31-8EF9-4394-A489-1BF5BBEB8D4D}.Debug|x86.ActiveCfg = Debug|Any CPU
		{F6FF1B31-8EF9-4394-A489-1BF5BBEB8D4D}.Debug|x86.Build.0 = Debug|Any CPU
		{F6FF1B31-8EF9-4394-A489-1BF5BBEB8D4D}.Release|Any CPU.ActiveCfg = Release|Any CPU
		{F6FF1B31-8EF9-4394-A489-1BF5BBEB8D4D}.Release|Any CPU.Build.0 = Release|Any CPU
		{F6FF1B31-8EF9-4394-A489-1BF5BBEB8D4D}.Release|x64.ActiveCfg = Release|Any CPU
		{F6FF1B31-8EF9-4394-A489-1BF5BBEB8D4D}.Release|x64.Build.0 = Release|Any CPU
		{F6FF1B31-8EF9-4394-A489-1BF5BBEB8D4D}.Release|x86.ActiveCfg = Release|Any CPU
		{F6FF1B31-8EF9-4394-A489-1BF5BBEB8D4D}.Release|x86.Build.0 = Release|Any CPU
		{2CC02A7C-BE43-4F4C-85A0-6D05B4278A11}.Debug|Any CPU.ActiveCfg = Debug|Any CPU
		{2CC02A7C-BE43-4F4C-85A0-6D05B4278A11}.Debug|Any CPU.Build.0 = Debug|Any CPU
		{2CC02A7C-BE43-4F4C-85A0-6D05B4278A11}.Debug|x64.ActiveCfg = Debug|Any CPU
		{2CC02A7C-BE43-4F4C-85A0-6D05B4278A11}.Debug|x64.Build.0 = Debug|Any CPU
		{2CC02A7C-BE43-4F4C-85A0-6D05B4278A11}.Debug|x86.ActiveCfg = Debug|Any CPU
		{2CC02A7C-BE43-4F4C-85A0-6D05B4278A11}.Debug|x86.Build.0 = Debug|Any CPU
		{2CC02A7C-BE43-4F4C-85A0-6D05B4278A11}.Release|Any CPU.ActiveCfg = Release|Any CPU
		{2CC02A7C-BE43-4F4C-85A0-6D05B4278A11}.Release|Any CPU.Build.0 = Release|Any CPU
		{2CC02A7C-BE43-4F4C-85A0-6D05B4278A11}.Release|x64.ActiveCfg = Release|Any CPU
		{2CC02A7C-BE43-4F4C-85A0-6D05B4278A11}.Release|x64.Build.0 = Release|Any CPU
		{2CC02A7C-BE43-4F4C-85A0-6D05B4278A11}.Release|x86.ActiveCfg = Release|Any CPU
		{2CC02A7C-BE43-4F4C-85A0-6D05B4278A11}.Release|x86.Build.0 = Release|Any CPU
		{B288838C-A026-4261-A58F-7F9A1842212C}.Debug|Any CPU.ActiveCfg = Debug|Any CPU
		{B288838C-A026-4261-A58F-7F9A1842212C}.Debug|Any CPU.Build.0 = Debug|Any CPU
		{B288838C-A026-4261-A58F-7F9A1842212C}.Debug|x64.ActiveCfg = Debug|Any CPU
		{B288838C-A026-4261-A58F-7F9A1842212C}.Debug|x64.Build.0 = Debug|Any CPU
		{B288838C-A026-4261-A58F-7F9A1842212C}.Debug|x86.ActiveCfg = Debug|Any CPU
		{B288838C-A026-4261-A58F-7F9A1842212C}.Debug|x86.Build.0 = Debug|Any CPU
		{B288838C-A026-4261-A58F-7F9A1842212C}.Release|Any CPU.ActiveCfg = Release|Any CPU
		{B288838C-A026-4261-A58F-7F9A1842212C}.Release|Any CPU.Build.0 = Release|Any CPU
		{B288838C-A026-4261-A58F-7F9A1842212C}.Release|x64.ActiveCfg = Release|Any CPU
		{B288838C-A026-4261-A58F-7F9A1842212C}.Release|x64.Build.0 = Release|Any CPU
		{B288838C-A026-4261-A58F-7F9A1842212C}.Release|x86.ActiveCfg = Release|Any CPU
		{B288838C-A026-4261-A58F-7F9A1842212C}.Release|x86.Build.0 = Release|Any CPU
		{6B79A33B-0930-4786-B783-3BA82BB56813}.Debug|Any CPU.ActiveCfg = Debug|Any CPU
		{6B79A33B-0930-4786-B783-3BA82BB56813}.Debug|Any CPU.Build.0 = Debug|Any CPU
		{6B79A33B-0930-4786-B783-3BA82BB56813}.Debug|x64.ActiveCfg = Debug|Any CPU
		{6B79A33B-0930-4786-B783-3BA82BB56813}.Debug|x64.Build.0 = Debug|Any CPU
		{6B79A33B-0930-4786-B783-3BA82BB56813}.Debug|x86.ActiveCfg = Debug|Any CPU
		{6B79A33B-0930-4786-B783-3BA82BB56813}.Debug|x86.Build.0 = Debug|Any CPU
		{6B79A33B-0930-4786-B783-3BA82BB56813}.Release|Any CPU.ActiveCfg = Release|Any CPU
		{6B79A33B-0930-4786-B783-3BA82BB56813}.Release|Any CPU.Build.0 = Release|Any CPU
		{6B79A33B-0930-4786-B783-3BA82BB56813}.Release|x64.ActiveCfg = Release|Any CPU
		{6B79A33B-0930-4786-B783-3BA82BB56813}.Release|x64.Build.0 = Release|Any CPU
		{6B79A33B-0930-4786-B783-3BA82BB56813}.Release|x86.ActiveCfg = Release|Any CPU
		{6B79A33B-0930-4786-B783-3BA82BB56813}.Release|x86.Build.0 = Release|Any CPU
		{4C869B88-AB7E-49B1-8669-9115E173F0C2}.Debug|Any CPU.ActiveCfg = Debug|Any CPU
		{4C869B88-AB7E-49B1-8669-9115E173F0C2}.Debug|Any CPU.Build.0 = Debug|Any CPU
		{4C869B88-AB7E-49B1-8669-9115E173F0C2}.Debug|x64.ActiveCfg = Debug|Any CPU
		{4C869B88-AB7E-49B1-8669-9115E173F0C2}.Debug|x64.Build.0 = Debug|Any CPU
		{4C869B88-AB7E-49B1-8669-9115E173F0C2}.Debug|x86.ActiveCfg = Debug|Any CPU
		{4C869B88-AB7E-49B1-8669-9115E173F0C2}.Debug|x86.Build.0 = Debug|Any CPU
		{4C869B88-AB7E-49B1-8669-9115E173F0C2}.Release|Any CPU.ActiveCfg = Release|Any CPU
		{4C869B88-AB7E-49B1-8669-9115E173F0C2}.Release|Any CPU.Build.0 = Release|Any CPU
		{4C869B88-AB7E-49B1-8669-9115E173F0C2}.Release|x64.ActiveCfg = Release|Any CPU
		{4C869B88-AB7E-49B1-8669-9115E173F0C2}.Release|x64.Build.0 = Release|Any CPU
		{4C869B88-AB7E-49B1-8669-9115E173F0C2}.Release|x86.ActiveCfg = Release|Any CPU
		{4C869B88-AB7E-49B1-8669-9115E173F0C2}.Release|x86.Build.0 = Release|Any CPU
		{36F03902-EA9B-434A-9692-950F98492543}.Debug|Any CPU.ActiveCfg = Debug|Any CPU
		{36F03902-EA9B-434A-9692-950F98492543}.Debug|Any CPU.Build.0 = Debug|Any CPU
		{36F03902-EA9B-434A-9692-950F98492543}.Debug|x64.ActiveCfg = Debug|Any CPU
		{36F03902-EA9B-434A-9692-950F98492543}.Debug|x64.Build.0 = Debug|Any CPU
		{36F03902-EA9B-434A-9692-950F98492543}.Debug|x86.ActiveCfg = Debug|Any CPU
		{36F03902-EA9B-434A-9692-950F98492543}.Debug|x86.Build.0 = Debug|Any CPU
		{36F03902-EA9B-434A-9692-950F98492543}.Release|Any CPU.ActiveCfg = Release|Any CPU
		{36F03902-EA9B-434A-9692-950F98492543}.Release|Any CPU.Build.0 = Release|Any CPU
		{36F03902-EA9B-434A-9692-950F98492543}.Release|x64.ActiveCfg = Release|Any CPU
		{36F03902-EA9B-434A-9692-950F98492543}.Release|x64.Build.0 = Release|Any CPU
		{36F03902-EA9B-434A-9692-950F98492543}.Release|x86.ActiveCfg = Release|Any CPU
		{36F03902-EA9B-434A-9692-950F98492543}.Release|x86.Build.0 = Release|Any CPU
	EndGlobalSection
EndGlobal
