
Microsoft Visual Studio Solution File, Format Version 12.00
# Visual Studio 15
VisualStudioVersion = 15.0.26124.0
MinimumVisualStudioVersion = 15.0.26124.0
Project("{FAE04EC0-301F-11D3-BF4B-00C04F79EFBC}") = "Penguin.Persistence.Database.Serialization.Extensions.Local", "Penguin.Persistence.Database.Serialization.Extensions.Local.csproj", "{4C2E9935-9CBC-4C6C-B783-C18C3984E48E}"
EndProject
Project("{FAE04EC0-301F-11D3-BF4B-00C04F79EFBC}") = "Penguin.Persistence.Database.Local", "..\Penguin.Persistence.Database\Penguin.Persistence.Database.Local.csproj", "{6B549181-6CD5-4909-8B8A-FA9DBB9090D6}"
EndProject
Project("{FAE04EC0-301F-11D3-BF4B-00C04F79EFBC}") = "Penguin.Debugging.Local", "..\Penguin.Debugging\Penguin.Debugging.Local.csproj", "{6644D2F7-64C4-42A2-97D7-528EEAE3D686}"
EndProject
Project("{FAE04EC0-301F-11D3-BF4B-00C04F79EFBC}") = "Penguin.Extensions.Exceptions.Local", "..\Penguin.Extensions.Exceptions\Penguin.Extensions.Exceptions.Local.csproj", "{DB886946-19A0-4A4B-A1C2-5482E1029DE3}"
EndProject
Project("{FAE04EC0-301F-11D3-BF4B-00C04F79EFBC}") = "Penguin.Threading.BackgroundWorker.Local", "..\Penguin.Threading.BackgroundWorker\Penguin.Threading.BackgroundWorker.Local.csproj", "{6918CF9C-0481-4239-AF1C-649EE0E19DE3}"
EndProject
Project("{FAE04EC0-301F-11D3-BF4B-00C04F79EFBC}") = "Penguin.Persistence.Abstractions.Local", "..\Penguin.Persistence.Abstractions\Penguin.Persistence.Abstractions.Local.csproj", "{A5B36326-0044-4FFE-8FDC-CEB1394E65D3}"
EndProject
Project("{FAE04EC0-301F-11D3-BF4B-00C04F79EFBC}") = "Penguin.Entities.Abstractions.Local", "..\Penguin.Entities.Abstractions\Penguin.Entities.Abstractions.Local.csproj", "{97681F31-1B65-4DE8-8E23-4678C506A2F5}"
EndProject
Project("{FAE04EC0-301F-11D3-BF4B-00C04F79EFBC}") = "Penguin.Reflection.Extensions.Local", "..\Penguin.Reflection.Extensions\Penguin.Reflection.Extensions.Local.csproj", "{2040EEF7-635C-4A5A-875B-A004DC89FDAC}"
EndProject
Project("{FAE04EC0-301F-11D3-BF4B-00C04F79EFBC}") = "Penguin.Reflection.Abstractions.Local", "..\Penguin.Reflection.Abstractions\Penguin.Reflection.Abstractions.Local.csproj", "{55C72FF3-DD35-4B64-B191-9CB1A45299A1}"
EndProject
Project("{FAE04EC0-301F-11D3-BF4B-00C04F79EFBC}") = "Penguin.Extensions.String.Local", "..\Penguin.Extensions.String\Penguin.Extensions.String.Local.csproj", "{025F0B38-7372-4FF2-99FA-E77B5F61E259}"
EndProject
Project("{FAE04EC0-301F-11D3-BF4B-00C04F79EFBC}") = "Penguin.Reflection.Serialization.Local", "..\Penguin.Reflection.Serialization\Penguin.Reflection.Serialization.Local.csproj", "{B4B8B754-BCF6-4E51-A428-A920DAC93B57}"
EndProject
Project("{FAE04EC0-301F-11D3-BF4B-00C04F79EFBC}") = "Penguin.Extensions.Collections.Local", "..\Penguin.Extensions.Collections\Penguin.Extensions.Collections.Local.csproj", "{8A554697-297D-4AC9-BD27-253A587A38B6}"
EndProject
Project("{FAE04EC0-301F-11D3-BF4B-00C04F79EFBC}") = "Penguin.Reflection.Serialization.Abstractions.Local", "..\Penguin.Reflection.Serialization.Abstractions\Penguin.Reflection.Serialization.Abstractions.Local.csproj", "{E5F00BBC-C518-476B-9940-B09223FD79BB}"
EndProject
Project("{FAE04EC0-301F-11D3-BF4B-00C04F79EFBC}") = "Penguin.Reflection.Local", "..\Penguin.Reflection\Penguin.Reflection.Local.csproj", "{E0868773-8959-470E-A917-6FC121D8BD26}"
EndProject
Global
	GlobalSection(SolutionConfigurationPlatforms) = preSolution
		Debug|Any CPU = Debug|Any CPU
		Debug|x64 = Debug|x64
		Debug|x86 = Debug|x86
		Release|Any CPU = Release|Any CPU
		Release|x64 = Release|x64
		Release|x86 = Release|x86
	EndGlobalSection
	GlobalSection(SolutionProperties) = preSolution
		HideSolutionNode = FALSE
	EndGlobalSection
	GlobalSection(ProjectConfigurationPlatforms) = postSolution
		{4C2E9935-9CBC-4C6C-B783-C18C3984E48E}.Debug|Any CPU.ActiveCfg = Debug|Any CPU
		{4C2E9935-9CBC-4C6C-B783-C18C3984E48E}.Debug|Any CPU.Build.0 = Debug|Any CPU
		{4C2E9935-9CBC-4C6C-B783-C18C3984E48E}.Debug|x64.ActiveCfg = Debug|Any CPU
		{4C2E9935-9CBC-4C6C-B783-C18C3984E48E}.Debug|x64.Build.0 = Debug|Any CPU
		{4C2E9935-9CBC-4C6C-B783-C18C3984E48E}.Debug|x86.ActiveCfg = Debug|Any CPU
		{4C2E9935-9CBC-4C6C-B783-C18C3984E48E}.Debug|x86.Build.0 = Debug|Any CPU
		{4C2E9935-9CBC-4C6C-B783-C18C3984E48E}.Release|Any CPU.ActiveCfg = Release|Any CPU
		{4C2E9935-9CBC-4C6C-B783-C18C3984E48E}.Release|Any CPU.Build.0 = Release|Any CPU
		{4C2E9935-9CBC-4C6C-B783-C18C3984E48E}.Release|x64.ActiveCfg = Release|Any CPU
		{4C2E9935-9CBC-4C6C-B783-C18C3984E48E}.Release|x64.Build.0 = Release|Any CPU
		{4C2E9935-9CBC-4C6C-B783-C18C3984E48E}.Release|x86.ActiveCfg = Release|Any CPU
		{4C2E9935-9CBC-4C6C-B783-C18C3984E48E}.Release|x86.Build.0 = Release|Any CPU
		{6B549181-6CD5-4909-8B8A-FA9DBB9090D6}.Debug|Any CPU.ActiveCfg = Debug|Any CPU
		{6B549181-6CD5-4909-8B8A-FA9DBB9090D6}.Debug|Any CPU.Build.0 = Debug|Any CPU
		{6B549181-6CD5-4909-8B8A-FA9DBB9090D6}.Debug|x64.ActiveCfg = Debug|Any CPU
		{6B549181-6CD5-4909-8B8A-FA9DBB9090D6}.Debug|x64.Build.0 = Debug|Any CPU
		{6B549181-6CD5-4909-8B8A-FA9DBB9090D6}.Debug|x86.ActiveCfg = Debug|Any CPU
		{6B549181-6CD5-4909-8B8A-FA9DBB9090D6}.Debug|x86.Build.0 = Debug|Any CPU
		{6B549181-6CD5-4909-8B8A-FA9DBB9090D6}.Release|Any CPU.ActiveCfg = Release|Any CPU
		{6B549181-6CD5-4909-8B8A-FA9DBB9090D6}.Release|Any CPU.Build.0 = Release|Any CPU
		{6B549181-6CD5-4909-8B8A-FA9DBB9090D6}.Release|x64.ActiveCfg = Release|Any CPU
		{6B549181-6CD5-4909-8B8A-FA9DBB9090D6}.Release|x64.Build.0 = Release|Any CPU
		{6B549181-6CD5-4909-8B8A-FA9DBB9090D6}.Release|x86.ActiveCfg = Release|Any CPU
		{6B549181-6CD5-4909-8B8A-FA9DBB9090D6}.Release|x86.Build.0 = Release|Any CPU
		{6644D2F7-64C4-42A2-97D7-528EEAE3D686}.Debug|Any CPU.ActiveCfg = Debug|Any CPU
		{6644D2F7-64C4-42A2-97D7-528EEAE3D686}.Debug|Any CPU.Build.0 = Debug|Any CPU
		{6644D2F7-64C4-42A2-97D7-528EEAE3D686}.Debug|x64.ActiveCfg = Debug|Any CPU
		{6644D2F7-64C4-42A2-97D7-528EEAE3D686}.Debug|x64.Build.0 = Debug|Any CPU
		{6644D2F7-64C4-42A2-97D7-528EEAE3D686}.Debug|x86.ActiveCfg = Debug|Any CPU
		{6644D2F7-64C4-42A2-97D7-528EEAE3D686}.Debug|x86.Build.0 = Debug|Any CPU
		{6644D2F7-64C4-42A2-97D7-528EEAE3D686}.Release|Any CPU.ActiveCfg = Release|Any CPU
		{6644D2F7-64C4-42A2-97D7-528EEAE3D686}.Release|Any CPU.Build.0 = Release|Any CPU
		{6644D2F7-64C4-42A2-97D7-528EEAE3D686}.Release|x64.ActiveCfg = Release|Any CPU
		{6644D2F7-64C4-42A2-97D7-528EEAE3D686}.Release|x64.Build.0 = Release|Any CPU
		{6644D2F7-64C4-42A2-97D7-528EEAE3D686}.Release|x86.ActiveCfg = Release|Any CPU
		{6644D2F7-64C4-42A2-97D7-528EEAE3D686}.Release|x86.Build.0 = Release|Any CPU
		{DB886946-19A0-4A4B-A1C2-5482E1029DE3}.Debug|Any CPU.ActiveCfg = Debug|Any CPU
		{DB886946-19A0-4A4B-A1C2-5482E1029DE3}.Debug|Any CPU.Build.0 = Debug|Any CPU
		{DB886946-19A0-4A4B-A1C2-5482E1029DE3}.Debug|x64.ActiveCfg = Debug|Any CPU
		{DB886946-19A0-4A4B-A1C2-5482E1029DE3}.Debug|x64.Build.0 = Debug|Any CPU
		{DB886946-19A0-4A4B-A1C2-5482E1029DE3}.Debug|x86.ActiveCfg = Debug|Any CPU
		{DB886946-19A0-4A4B-A1C2-5482E1029DE3}.Debug|x86.Build.0 = Debug|Any CPU
		{DB886946-19A0-4A4B-A1C2-5482E1029DE3}.Release|Any CPU.ActiveCfg = Release|Any CPU
		{DB886946-19A0-4A4B-A1C2-5482E1029DE3}.Release|Any CPU.Build.0 = Release|Any CPU
		{DB886946-19A0-4A4B-A1C2-5482E1029DE3}.Release|x64.ActiveCfg = Release|Any CPU
		{DB886946-19A0-4A4B-A1C2-5482E1029DE3}.Release|x64.Build.0 = Release|Any CPU
		{DB886946-19A0-4A4B-A1C2-5482E1029DE3}.Release|x86.ActiveCfg = Release|Any CPU
		{DB886946-19A0-4A4B-A1C2-5482E1029DE3}.Release|x86.Build.0 = Release|Any CPU
		{6918CF9C-0481-4239-AF1C-649EE0E19DE3}.Debug|Any CPU.ActiveCfg = Debug|Any CPU
		{6918CF9C-0481-4239-AF1C-649EE0E19DE3}.Debug|Any CPU.Build.0 = Debug|Any CPU
		{6918CF9C-0481-4239-AF1C-649EE0E19DE3}.Debug|x64.ActiveCfg = Debug|Any CPU
		{6918CF9C-0481-4239-AF1C-649EE0E19DE3}.Debug|x64.Build.0 = Debug|Any CPU
		{6918CF9C-0481-4239-AF1C-649EE0E19DE3}.Debug|x86.ActiveCfg = Debug|Any CPU
		{6918CF9C-0481-4239-AF1C-649EE0E19DE3}.Debug|x86.Build.0 = Debug|Any CPU
		{6918CF9C-0481-4239-AF1C-649EE0E19DE3}.Release|Any CPU.ActiveCfg = Release|Any CPU
		{6918CF9C-0481-4239-AF1C-649EE0E19DE3}.Release|Any CPU.Build.0 = Release|Any CPU
		{6918CF9C-0481-4239-AF1C-649EE0E19DE3}.Release|x64.ActiveCfg = Release|Any CPU
		{6918CF9C-0481-4239-AF1C-649EE0E19DE3}.Release|x64.Build.0 = Release|Any CPU
		{6918CF9C-0481-4239-AF1C-649EE0E19DE3}.Release|x86.ActiveCfg = Release|Any CPU
		{6918CF9C-0481-4239-AF1C-649EE0E19DE3}.Release|x86.Build.0 = Release|Any CPU
		{A5B36326-0044-4FFE-8FDC-CEB1394E65D3}.Debug|Any CPU.ActiveCfg = Debug|Any CPU
		{A5B36326-0044-4FFE-8FDC-CEB1394E65D3}.Debug|Any CPU.Build.0 = Debug|Any CPU
		{A5B36326-0044-4FFE-8FDC-CEB1394E65D3}.Debug|x64.ActiveCfg = Debug|Any CPU
		{A5B36326-0044-4FFE-8FDC-CEB1394E65D3}.Debug|x64.Build.0 = Debug|Any CPU
		{A5B36326-0044-4FFE-8FDC-CEB1394E65D3}.Debug|x86.ActiveCfg = Debug|Any CPU
		{A5B36326-0044-4FFE-8FDC-CEB1394E65D3}.Debug|x86.Build.0 = Debug|Any CPU
		{A5B36326-0044-4FFE-8FDC-CEB1394E65D3}.Release|Any CPU.ActiveCfg = Release|Any CPU
		{A5B36326-0044-4FFE-8FDC-CEB1394E65D3}.Release|Any CPU.Build.0 = Release|Any CPU
		{A5B36326-0044-4FFE-8FDC-CEB1394E65D3}.Release|x64.ActiveCfg = Release|Any CPU
		{A5B36326-0044-4FFE-8FDC-CEB1394E65D3}.Release|x64.Build.0 = Release|Any CPU
		{A5B36326-0044-4FFE-8FDC-CEB1394E65D3}.Release|x86.ActiveCfg = Release|Any CPU
		{A5B36326-0044-4FFE-8FDC-CEB1394E65D3}.Release|x86.Build.0 = Release|Any CPU
		{97681F31-1B65-4DE8-8E23-4678C506A2F5}.Debug|Any CPU.ActiveCfg = Debug|Any CPU
		{97681F31-1B65-4DE8-8E23-4678C506A2F5}.Debug|Any CPU.Build.0 = Debug|Any CPU
		{97681F31-1B65-4DE8-8E23-4678C506A2F5}.Debug|x64.ActiveCfg = Debug|Any CPU
		{97681F31-1B65-4DE8-8E23-4678C506A2F5}.Debug|x64.Build.0 = Debug|Any CPU
		{97681F31-1B65-4DE8-8E23-4678C506A2F5}.Debug|x86.ActiveCfg = Debug|Any CPU
		{97681F31-1B65-4DE8-8E23-4678C506A2F5}.Debug|x86.Build.0 = Debug|Any CPU
		{97681F31-1B65-4DE8-8E23-4678C506A2F5}.Release|Any CPU.ActiveCfg = Release|Any CPU
		{97681F31-1B65-4DE8-8E23-4678C506A2F5}.Release|Any CPU.Build.0 = Release|Any CPU
		{97681F31-1B65-4DE8-8E23-4678C506A2F5}.Release|x64.ActiveCfg = Release|Any CPU
		{97681F31-1B65-4DE8-8E23-4678C506A2F5}.Release|x64.Build.0 = Release|Any CPU
		{97681F31-1B65-4DE8-8E23-4678C506A2F5}.Release|x86.ActiveCfg = Release|Any CPU
		{97681F31-1B65-4DE8-8E23-4678C506A2F5}.Release|x86.Build.0 = Release|Any CPU
		{2040EEF7-635C-4A5A-875B-A004DC89FDAC}.Debug|Any CPU.ActiveCfg = Debug|Any CPU
		{2040EEF7-635C-4A5A-875B-A004DC89FDAC}.Debug|Any CPU.Build.0 = Debug|Any CPU
		{2040EEF7-635C-4A5A-875B-A004DC89FDAC}.Debug|x64.ActiveCfg = Debug|Any CPU
		{2040EEF7-635C-4A5A-875B-A004DC89FDAC}.Debug|x64.Build.0 = Debug|Any CPU
		{2040EEF7-635C-4A5A-875B-A004DC89FDAC}.Debug|x86.ActiveCfg = Debug|Any CPU
		{2040EEF7-635C-4A5A-875B-A004DC89FDAC}.Debug|x86.Build.0 = Debug|Any CPU
		{2040EEF7-635C-4A5A-875B-A004DC89FDAC}.Release|Any CPU.ActiveCfg = Release|Any CPU
		{2040EEF7-635C-4A5A-875B-A004DC89FDAC}.Release|Any CPU.Build.0 = Release|Any CPU
		{2040EEF7-635C-4A5A-875B-A004DC89FDAC}.Release|x64.ActiveCfg = Release|Any CPU
		{2040EEF7-635C-4A5A-875B-A004DC89FDAC}.Release|x64.Build.0 = Release|Any CPU
		{2040EEF7-635C-4A5A-875B-A004DC89FDAC}.Release|x86.ActiveCfg = Release|Any CPU
		{2040EEF7-635C-4A5A-875B-A004DC89FDAC}.Release|x86.Build.0 = Release|Any CPU
		{55C72FF3-DD35-4B64-B191-9CB1A45299A1}.Debug|Any CPU.ActiveCfg = Debug|Any CPU
		{55C72FF3-DD35-4B64-B191-9CB1A45299A1}.Debug|Any CPU.Build.0 = Debug|Any CPU
		{55C72FF3-DD35-4B64-B191-9CB1A45299A1}.Debug|x64.ActiveCfg = Debug|Any CPU
		{55C72FF3-DD35-4B64-B191-9CB1A45299A1}.Debug|x64.Build.0 = Debug|Any CPU
		{55C72FF3-DD35-4B64-B191-9CB1A45299A1}.Debug|x86.ActiveCfg = Debug|Any CPU
		{55C72FF3-DD35-4B64-B191-9CB1A45299A1}.Debug|x86.Build.0 = Debug|Any CPU
		{55C72FF3-DD35-4B64-B191-9CB1A45299A1}.Release|Any CPU.ActiveCfg = Release|Any CPU
		{55C72FF3-DD35-4B64-B191-9CB1A45299A1}.Release|Any CPU.Build.0 = Release|Any CPU
		{55C72FF3-DD35-4B64-B191-9CB1A45299A1}.Release|x64.ActiveCfg = Release|Any CPU
		{55C72FF3-DD35-4B64-B191-9CB1A45299A1}.Release|x64.Build.0 = Release|Any CPU
		{55C72FF3-DD35-4B64-B191-9CB1A45299A1}.Release|x86.ActiveCfg = Release|Any CPU
		{55C72FF3-DD35-4B64-B191-9CB1A45299A1}.Release|x86.Build.0 = Release|Any CPU
		{025F0B38-7372-4FF2-99FA-E77B5F61E259}.Debug|Any CPU.ActiveCfg = Debug|Any CPU
		{025F0B38-7372-4FF2-99FA-E77B5F61E259}.Debug|Any CPU.Build.0 = Debug|Any CPU
		{025F0B38-7372-4FF2-99FA-E77B5F61E259}.Debug|x64.ActiveCfg = Debug|Any CPU
		{025F0B38-7372-4FF2-99FA-E77B5F61E259}.Debug|x64.Build.0 = Debug|Any CPU
		{025F0B38-7372-4FF2-99FA-E77B5F61E259}.Debug|x86.ActiveCfg = Debug|Any CPU
		{025F0B38-7372-4FF2-99FA-E77B5F61E259}.Debug|x86.Build.0 = Debug|Any CPU
		{025F0B38-7372-4FF2-99FA-E77B5F61E259}.Release|Any CPU.ActiveCfg = Release|Any CPU
		{025F0B38-7372-4FF2-99FA-E77B5F61E259}.Release|Any CPU.Build.0 = Release|Any CPU
		{025F0B38-7372-4FF2-99FA-E77B5F61E259}.Release|x64.ActiveCfg = Release|Any CPU
		{025F0B38-7372-4FF2-99FA-E77B5F61E259}.Release|x64.Build.0 = Release|Any CPU
		{025F0B38-7372-4FF2-99FA-E77B5F61E259}.Release|x86.ActiveCfg = Release|Any CPU
		{025F0B38-7372-4FF2-99FA-E77B5F61E259}.Release|x86.Build.0 = Release|Any CPU
		{B4B8B754-BCF6-4E51-A428-A920DAC93B57}.Debug|Any CPU.ActiveCfg = Debug|Any CPU
		{B4B8B754-BCF6-4E51-A428-A920DAC93B57}.Debug|Any CPU.Build.0 = Debug|Any CPU
		{B4B8B754-BCF6-4E51-A428-A920DAC93B57}.Debug|x64.ActiveCfg = Debug|Any CPU
		{B4B8B754-BCF6-4E51-A428-A920DAC93B57}.Debug|x64.Build.0 = Debug|Any CPU
		{B4B8B754-BCF6-4E51-A428-A920DAC93B57}.Debug|x86.ActiveCfg = Debug|Any CPU
		{B4B8B754-BCF6-4E51-A428-A920DAC93B57}.Debug|x86.Build.0 = Debug|Any CPU
		{B4B8B754-BCF6-4E51-A428-A920DAC93B57}.Release|Any CPU.ActiveCfg = Release|Any CPU
		{B4B8B754-BCF6-4E51-A428-A920DAC93B57}.Release|Any CPU.Build.0 = Release|Any CPU
		{B4B8B754-BCF6-4E51-A428-A920DAC93B57}.Release|x64.ActiveCfg = Release|Any CPU
		{B4B8B754-BCF6-4E51-A428-A920DAC93B57}.Release|x64.Build.0 = Release|Any CPU
		{B4B8B754-BCF6-4E51-A428-A920DAC93B57}.Release|x86.ActiveCfg = Release|Any CPU
		{B4B8B754-BCF6-4E51-A428-A920DAC93B57}.Release|x86.Build.0 = Release|Any CPU
		{8A554697-297D-4AC9-BD27-253A587A38B6}.Debug|Any CPU.ActiveCfg = Debug|Any CPU
		{8A554697-297D-4AC9-BD27-253A587A38B6}.Debug|Any CPU.Build.0 = Debug|Any CPU
		{8A554697-297D-4AC9-BD27-253A587A38B6}.Debug|x64.ActiveCfg = Debug|Any CPU
		{8A554697-297D-4AC9-BD27-253A587A38B6}.Debug|x64.Build.0 = Debug|Any CPU
		{8A554697-297D-4AC9-BD27-253A587A38B6}.Debug|x86.ActiveCfg = Debug|Any CPU
		{8A554697-297D-4AC9-BD27-253A587A38B6}.Debug|x86.Build.0 = Debug|Any CPU
		{8A554697-297D-4AC9-BD27-253A587A38B6}.Release|Any CPU.ActiveCfg = Release|Any CPU
		{8A554697-297D-4AC9-BD27-253A587A38B6}.Release|Any CPU.Build.0 = Release|Any CPU
		{8A554697-297D-4AC9-BD27-253A587A38B6}.Release|x64.ActiveCfg = Release|Any CPU
		{8A554697-297D-4AC9-BD27-253A587A38B6}.Release|x64.Build.0 = Release|Any CPU
		{8A554697-297D-4AC9-BD27-253A587A38B6}.Release|x86.ActiveCfg = Release|Any CPU
		{8A554697-297D-4AC9-BD27-253A587A38B6}.Release|x86.Build.0 = Release|Any CPU
		{E5F00BBC-C518-476B-9940-B09223FD79BB}.Debug|Any CPU.ActiveCfg = Debug|Any CPU
		{E5F00BBC-C518-476B-9940-B09223FD79BB}.Debug|Any CPU.Build.0 = Debug|Any CPU
		{E5F00BBC-C518-476B-9940-B09223FD79BB}.Debug|x64.ActiveCfg = Debug|Any CPU
		{E5F00BBC-C518-476B-9940-B09223FD79BB}.Debug|x64.Build.0 = Debug|Any CPU
		{E5F00BBC-C518-476B-9940-B09223FD79BB}.Debug|x86.ActiveCfg = Debug|Any CPU
		{E5F00BBC-C518-476B-9940-B09223FD79BB}.Debug|x86.Build.0 = Debug|Any CPU
		{E5F00BBC-C518-476B-9940-B09223FD79BB}.Release|Any CPU.ActiveCfg = Release|Any CPU
		{E5F00BBC-C518-476B-9940-B09223FD79BB}.Release|Any CPU.Build.0 = Release|Any CPU
		{E5F00BBC-C518-476B-9940-B09223FD79BB}.Release|x64.ActiveCfg = Release|Any CPU
		{E5F00BBC-C518-476B-9940-B09223FD79BB}.Release|x64.Build.0 = Release|Any CPU
		{E5F00BBC-C518-476B-9940-B09223FD79BB}.Release|x86.ActiveCfg = Release|Any CPU
		{E5F00BBC-C518-476B-9940-B09223FD79BB}.Release|x86.Build.0 = Release|Any CPU
		{E0868773-8959-470E-A917-6FC121D8BD26}.Debug|Any CPU.ActiveCfg = Debug|Any CPU
		{E0868773-8959-470E-A917-6FC121D8BD26}.Debug|Any CPU.Build.0 = Debug|Any CPU
		{E0868773-8959-470E-A917-6FC121D8BD26}.Debug|x64.ActiveCfg = Debug|Any CPU
		{E0868773-8959-470E-A917-6FC121D8BD26}.Debug|x64.Build.0 = Debug|Any CPU
		{E0868773-8959-470E-A917-6FC121D8BD26}.Debug|x86.ActiveCfg = Debug|Any CPU
		{E0868773-8959-470E-A917-6FC121D8BD26}.Debug|x86.Build.0 = Debug|Any CPU
		{E0868773-8959-470E-A917-6FC121D8BD26}.Release|Any CPU.ActiveCfg = Release|Any CPU
		{E0868773-8959-470E-A917-6FC121D8BD26}.Release|Any CPU.Build.0 = Release|Any CPU
		{E0868773-8959-470E-A917-6FC121D8BD26}.Release|x64.ActiveCfg = Release|Any CPU
		{E0868773-8959-470E-A917-6FC121D8BD26}.Release|x64.Build.0 = Release|Any CPU
		{E0868773-8959-470E-A917-6FC121D8BD26}.Release|x86.ActiveCfg = Release|Any CPU
		{E0868773-8959-470E-A917-6FC121D8BD26}.Release|x86.Build.0 = Release|Any CPU
	EndGlobalSection
EndGlobal
